
Microsoft Visual Studio Solution File, Format Version 12.00
# Visual Studio Version 17
VisualStudioVersion = 17.1.32210.238
MinimumVisualStudioVersion = 10.0.40219.1
Project("{FAE04EC0-301F-11D3-BF4B-00C04F79EFBC}") = "CopenhagenAirport.Data", "CopenhagenAirport.Data\CopenhagenAirport.Data.csproj", "{EE94E238-7B23-4E98-97A7-C5C9FF5792FA}"
EndProject
Project("{FAE04EC0-301F-11D3-BF4B-00C04F79EFBC}") = "CopenhagenAirport.Console", "CopenhagenAirport.Console\CopenhagenAirport.Console.csproj", "{2EE81053-85B1-4256-9B94-862B7FD1D22D}"
EndProject
Global
	GlobalSection(SolutionConfigurationPlatforms) = preSolution
		Debug|Any CPU = Debug|Any CPU
		Release|Any CPU = Release|Any CPU
	EndGlobalSection
	GlobalSection(ProjectConfigurationPlatforms) = postSolution
		{EE94E238-7B23-4E98-97A7-C5C9FF5792FA}.Debug|Any CPU.ActiveCfg = Debug|Any CPU
		{EE94E238-7B23-4E98-97A7-C5C9FF5792FA}.Debug|Any CPU.Build.0 = Debug|Any CPU
		{EE94E238-7B23-4E98-97A7-C5C9FF5792FA}.Release|Any CPU.ActiveCfg = Release|Any CPU
		{EE94E238-7B23-4E98-97A7-C5C9FF5792FA}.Release|Any CPU.Build.0 = Release|Any CPU
		{2EE81053-85B1-4256-9B94-862B7FD1D22D}.Debug|Any CPU.ActiveCfg = Debug|Any CPU
		{2EE81053-85B1-4256-9B94-862B7FD1D22D}.Debug|Any CPU.Build.0 = Debug|Any CPU
		{2EE81053-85B1-4256-9B94-862B7FD1D22D}.Release|Any CPU.ActiveCfg = Release|Any CPU
		{2EE81053-85B1-4256-9B94-862B7FD1D22D}.Release|Any CPU.Build.0 = Release|Any CPU
	EndGlobalSection
	GlobalSection(SolutionProperties) = preSolution
		HideSolutionNode = FALSE
	EndGlobalSection
	GlobalSection(ExtensibilityGlobals) = postSolution
		SolutionGuid = {F7764776-E28D-4DDB-B2BE-22DF72AF4FCA}
	EndGlobalSection
EndGlobal
